
Microsoft Visual Studio Solution File, Format Version 12.00
# Visual Studio Version 17
VisualStudioVersion = 17.4.33110.190
MinimumVisualStudioVersion = 10.0.40219.1
Project("{FAE04EC0-301F-11D3-BF4B-00C04F79EFBC}") = "SocialNetwork", "SocialNetwork\SocialNetwork.csproj", "{F2EF9744-C858-4CCF-8DA6-90297C376BC0}"
EndProject
Global
	GlobalSection(SolutionConfigurationPlatforms) = preSolution
		Debug|Any CPU = Debug|Any CPU
		Release|Any CPU = Release|Any CPU
	EndGlobalSection
	GlobalSection(ProjectConfigurationPlatforms) = postSolution
		{F2EF9744-C858-4CCF-8DA6-90297C376BC0}.Debug|Any CPU.ActiveCfg = Debug|Any CPU
		{F2EF9744-C858-4CCF-8DA6-90297C376BC0}.Debug|Any CPU.Build.0 = Debug|Any CPU
		{F2EF9744-C858-4CCF-8DA6-90297C376BC0}.Release|Any CPU.ActiveCfg = Release|Any CPU
		{F2EF9744-C858-4CCF-8DA6-90297C376BC0}.Release|Any CPU.Build.0 = Release|Any CPU
	EndGlobalSection
	GlobalSection(SolutionProperties) = preSolution
		HideSolutionNode = FALSE
	EndGlobalSection
	GlobalSection(ExtensibilityGlobals) = postSolution
		SolutionGuid = {AF971C19-909E-4077-83B7-5075764E4873}
	EndGlobalSection
EndGlobal
